
Microsoft Visual Studio Solution File, Format Version 12.00
# Visual Studio 15
VisualStudioVersion = 15.0.27428.2037
MinimumVisualStudioVersion = 10.0.40219.1
Project("{FAE04EC0-301F-11D3-BF4B-00C04F79EFBC}") = "FunctionApp1", "FunctionApp1\FunctionApp1.csproj", "{8D6A5CA5-E912-4CD1-832A-02B5B5167781}"
EndProject
Global
	GlobalSection(SolutionConfigurationPlatforms) = preSolution
		Debug|Any CPU = Debug|Any CPU
		Release|Any CPU = Release|Any CPU
	EndGlobalSection
	GlobalSection(ProjectConfigurationPlatforms) = postSolution
		{8D6A5CA5-E912-4CD1-832A-02B5B5167781}.Debug|Any CPU.ActiveCfg = Debug|Any CPU
		{8D6A5CA5-E912-4CD1-832A-02B5B5167781}.Debug|Any CPU.Build.0 = Debug|Any CPU
		{8D6A5CA5-E912-4CD1-832A-02B5B5167781}.Release|Any CPU.ActiveCfg = Release|Any CPU
		{8D6A5CA5-E912-4CD1-832A-02B5B5167781}.Release|Any CPU.Build.0 = Release|Any CPU
	EndGlobalSection
	GlobalSection(SolutionProperties) = preSolution
		HideSolutionNode = FALSE
	EndGlobalSection
	GlobalSection(ExtensibilityGlobals) = postSolution
		SolutionGuid = {BDA10BAB-3131-4CBB-B69C-16FED79DCF16}
	EndGlobalSection
EndGlobal
